{"format_version":"0.1","terraform_version":"1.0.0","planned_values":{"outputs":{"url":{"sensitive":false}},"root_module":{"resources":[{"address":"aws_api_gateway_deployment.deploy","mode":"managed","type":"aws_api_gateway_deployment","name":"deploy","provider_name":"registry.terraform.io/hashicorp/aws","schema_version":0,"values":{"description":null,"stage_description":null,"stage_name":null,"triggers":null,"variables":null}},{"address":"aws_api_gateway_integration.get_lambda","mode":"managed","type":"aws_api_gateway_integration","name":"get_lambda","provider_name":"registry.terraform.io/hashicorp/aws","schema_version":0,"values":{"cache_key_parameters":null,"connection_id":null,"connection_type":"INTERNET","content_handling":null,"credentials":null,"http_method":"GET","integration_http_method":"POST","request_parameters":null,"request_templates":null,"timeout_milliseconds":29000,"tls_config":[],"type":"AWS_PROXY"}},{"address":"aws_api_gateway_method.get_method","mode":"managed","type":"aws_api_gateway_method","name":"get_method","provider_name":"registry.terraform.io/hashicorp/aws","schema_version":0,"values":{"api_key_required":false,"authorization":"NONE","authorization_scopes":null,"authorizer_id":null,"http_method":"GET","operation_name":null,"request_models":null,"request_parameters":null,"request_validator_id":null}},{"address":"aws_api_gateway_resource.hello_world","mode":"managed","type":"aws_api_gateway_resource","name":"hello_world","provider_name":"registry.terraform.io/hashicorp/aws","schema_version":0,"values":{"path_part":"hello-world"}},{"address":"aws_api_gateway_rest_api.gateway","mode":"managed","type":"aws_api_gateway_rest_api","name":"gateway","provider_name":"registry.terraform.io/hashicorp/aws","schema_version":0,"values":{"body":null,"minimum_compression_size":-1,"name":"basic_api_lambda","parameters":null,"tags":null}},{"address":"aws_api_gateway_stage.stage","mode":"managed","type":"aws_api_gateway_stage","name":"stage","provider_name":"registry.terraform.io/hashicorp/aws","schema_version":0,"values":{"access_log_settings":[],"cache_cluster_enabled":null,"cache_cluster_size":null,"client_certificate_id":null,"description":null,"documentation_version":null,"stage_name":"prod","tags":null,"variables":null,"xray_tracing_enabled":null}},{"address":"aws_cloudwatch_log_group.logs","mode":"managed","type":"aws_cloudwatch_log_group","name":"logs","provider_name":"registry.terraform.io/hashicorp/aws","schema_version":0,"values":{"kms_key_id":null,"name":"/aws/lambda/basic_api_lambda","name_prefix":null,"retention_in_days":0,"tags":null}},{"address":"aws_dynamodb_table.table","mode":"managed","type":"aws_dynamodb_table","name":"table","provider_name":"registry.terraform.io/hashicorp/aws","schema_version":1,"values":{"attribute":[{"name":"HASH","type":"S"}],"billing_mode":"PAY_PER_REQUEST","global_secondary_index":[],"hash_key":"HASH","local_secondary_index":[],"name":"basic_api_lambda","range_key":null,"read_capacity":null,"replica":[],"stream_enabled":null,"tags":null,"timeouts":null,"ttl":[],"write_capacity":null}},{"address":"aws_iam_role.iam_for_lambda","mode":"managed","type":"aws_iam_role","name":"iam_for_lambda","provider_name":"registry.terraform.io/hashicorp/aws","schema_version":0,"values":{"assume_role_policy":"{\n  \"Version\": \"2012-10-17\",\n  \"Statement\": [\n    {\n      \"Action\": \"sts:AssumeRole\",\n      \"Principal\": {\n        \"Service\": \"lambda.amazonaws.com\"\n      },\n      \"Effect\": \"Allow\",\n      \"Sid\": \"\"\n    }\n  ]\n}\n","description":null,"force_detach_policies":false,"max_session_duration":3600,"name":"basic_api_lambdaExecutionRole","name_prefix":null,"path":"/","permissions_boundary":null,"tags":null}},{"address":"aws_iam_role_policy.can_dynamo","mode":"managed","type":"aws_iam_role_policy","name":"can_dynamo","provider_name":"registry.terraform.io/hashicorp/aws","schema_version":0,"values":{"name_prefix":null}},{"address":"aws_iam_role_policy.can_log","mode":"managed","type":"aws_iam_role_policy","name":"can_log","provider_name":"registry.terraform.io/hashicorp/aws","schema_version":0,"values":{"name_prefix":null}},{"address":"aws_lambda_function.lambda","mode":"managed","type":"aws_lambda_function","name":"lambda","provider_name":"registry.terraform.io/hashicorp/aws","schema_version":0,"values":{"code_signing_config_arn":null,"dead_letter_config":[],"description":null,"environment":[{"variables":{"TABLE_NAME":"basic_api_lambda"}}],"file_system_config":[],"filename":"./src.zip","function_name":"basic_api_lambda","handler":"index.handler","image_config":[],"image_uri":null,"kms_key_arn":null,"layers":null,"memory_size":128,"package_type":"Zip","publish":false,"reserved_concurrent_executions":-1,"runtime":"nodejs14.x","s3_bucket":null,"s3_key":null,"s3_object_version":null,"source_code_hash":"F6DIqr3yYPFG0bde4Ay8e2RSup68d5tRa5vAPDuAHr8=","tags":null,"timeout":3,"timeouts":null,"vpc_config":[]}},{"address":"aws_lambda_permission.apigw_lambda","mode":"managed","type":"aws_lambda_permission","name":"apigw_lambda","provider_name":"registry.terraform.io/hashicorp/aws","schema_version":0,"values":{"action":"lambda:InvokeFunction","event_source_token":null,"function_name":"basic_api_lambda","principal":"apigateway.amazonaws.com","qualifier":null,"source_account":null,"statement_id":"AllowExecutionFromAPIGateway","statement_id_prefix":null}},{"address":"data.aws_iam_policy_document.can_log","mode":"data","type":"aws_iam_policy_document","name":"can_log","provider_name":"registry.terraform.io/hashicorp/aws","schema_version":0,"values":{"override_json":null,"override_policy_documents":null,"policy_id":null,"source_json":null,"source_policy_documents":null,"statement":[{"actions":["logs:CreateLogStream","logs:PutLogEvents"],"condition":[],"effect":null,"not_actions":null,"not_principals":[],"not_resources":null,"principals":[],"resources":[],"sid":"CanLog"}],"version":null}}]}},"resource_changes":[{"address":"aws_api_gateway_deployment.deploy","mode":"managed","type":"aws_api_gateway_deployment","name":"deploy","provider_name":"registry.terraform.io/hashicorp/aws","change":{"actions":["create"],"before":null,"after":{"description":null,"stage_description":null,"stage_name":null,"triggers":null,"variables":null},"after_unknown":{"created_date":true,"execution_arn":true,"id":true,"invoke_url":true,"rest_api_id":true},"before_sensitive":false,"after_sensitive":{}}},{"address":"aws_api_gateway_integration.get_lambda","mode":"managed","type":"aws_api_gateway_integration","name":"get_lambda","provider_name":"registry.terraform.io/hashicorp/aws","change":{"actions":["create"],"before":null,"after":{"cache_key_parameters":null,"connection_id":null,"connection_type":"INTERNET","content_handling":null,"credentials":null,"http_method":"GET","integration_http_method":"POST","request_parameters":null,"request_templates":null,"timeout_milliseconds":29000,"tls_config":[],"type":"AWS_PROXY"},"after_unknown":{"cache_namespace":true,"id":true,"passthrough_behavior":true,"resource_id":true,"rest_api_id":true,"tls_config":[],"uri":true},"before_sensitive":false,"after_sensitive":{"tls_config":[]}}},{"address":"aws_api_gateway_method.get_method","mode":"managed","type":"aws_api_gateway_method","name":"get_method","provider_name":"registry.terraform.io/hashicorp/aws","change":{"actions":["create"],"before":null,"after":{"api_key_required":false,"authorization":"NONE","authorization_scopes":null,"authorizer_id":null,"http_method":"GET","operation_name":null,"request_models":null,"request_parameters":null,"request_validator_id":null},"after_unknown":{"id":true,"resource_id":true,"rest_api_id":true},"before_sensitive":false,"after_sensitive":{}}},{"address":"aws_api_gateway_resource.hello_world","mode":"managed","type":"aws_api_gateway_resource","name":"hello_world","provider_name":"registry.terraform.io/hashicorp/aws","change":{"actions":["create"],"before":null,"after":{"path_part":"hello-world"},"after_unknown":{"id":true,"parent_id":true,"path":true,"rest_api_id":true},"before_sensitive":false,"after_sensitive":{}}},{"address":"aws_api_gateway_rest_api.gateway","mode":"managed","type":"aws_api_gateway_rest_api","name":"gateway","provider_name":"registry.terraform.io/hashicorp/aws","change":{"actions":["create"],"before":null,"after":{"body":null,"minimum_compression_size":-1,"name":"basic_api_lambda","parameters":null,"tags":null},"after_unknown":{"api_key_source":true,"arn":true,"binary_media_types":true,"created_date":true,"description":true,"disable_execute_api_endpoint":true,"endpoint_configuration":true,"execution_arn":true,"id":true,"policy":true,"root_resource_id":true,"tags_all":true},"before_sensitive":false,"after_sensitive":{"binary_media_types":[],"endpoint_configuration":[],"tags_all":{}}}},{"address":"aws_api_gateway_stage.stage","mode":"managed","type":"aws_api_gateway_stage","name":"stage","provider_name":"registry.terraform.io/hashicorp/aws","change":{"actions":["create"],"before":null,"after":{"access_log_settings":[],"cache_cluster_enabled":null,"cache_cluster_size":null,"client_certificate_id":null,"description":null,"documentation_version":null,"stage_name":"prod","tags":null,"variables":null,"xray_tracing_enabled":null},"after_unknown":{"access_log_settings":[],"arn":true,"deployment_id":true,"execution_arn":true,"id":true,"invoke_url":true,"rest_api_id":true,"tags_all":true},"before_sensitive":false,"after_sensitive":{"access_log_settings":[],"tags_all":{}}}},{"address":"aws_cloudwatch_log_group.logs","mode":"managed","type":"aws_cloudwatch_log_group","name":"logs","provider_name":"registry.terraform.io/hashicorp/aws","change":{"actions":["create"],"before":null,"after":{"kms_key_id":null,"name":"/aws/lambda/basic_api_lambda","name_prefix":null,"retention_in_days":0,"tags":null},"after_unknown":{"arn":true,"id":true,"tags_all":true},"before_sensitive":false,"after_sensitive":{"tags_all":{}}}},{"address":"aws_dynamodb_table.table","mode":"managed","type":"aws_dynamodb_table","name":"table","provider_name":"registry.terraform.io/hashicorp/aws","change":{"actions":["create"],"before":null,"after":{"attribute":[{"name":"HASH","type":"S"}],"billing_mode":"PAY_PER_REQUEST","global_secondary_index":[],"hash_key":"HASH","local_secondary_index":[],"name":"basic_api_lambda","range_key":null,"read_capacity":null,"replica":[],"stream_enabled":null,"tags":null,"timeouts":null,"ttl":[],"write_capacity":null},"after_unknown":{"arn":true,"attribute":[{}],"global_secondary_index":[],"id":true,"local_secondary_index":[],"point_in_time_recovery":true,"replica":[],"server_side_encryption":true,"stream_arn":true,"stream_label":true,"stream_view_type":true,"tags_all":true,"ttl":[]},"before_sensitive":false,"after_sensitive":{"attribute":[{}],"global_secondary_index":[],"local_secondary_index":[],"point_in_time_recovery":[],"replica":[],"server_side_encryption":[],"tags_all":{},"ttl":[]}}},{"address":"aws_iam_role.iam_for_lambda","mode":"managed","type":"aws_iam_role","name":"iam_for_lambda","provider_name":"registry.terraform.io/hashicorp/aws","change":{"actions":["create"],"before":null,"after":{"assume_role_policy":"{\n  \"Version\": \"2012-10-17\",\n  \"Statement\": [\n    {\n      \"Action\": \"sts:AssumeRole\",\n      \"Principal\": {\n        \"Service\": \"lambda.amazonaws.com\"\n      },\n      \"Effect\": \"Allow\",\n      \"Sid\": \"\"\n    }\n  ]\n}\n","description":null,"force_detach_policies":false,"max_session_duration":3600,"name":"basic_api_lambdaExecutionRole","name_prefix":null,"path":"/","permissions_boundary":null,"tags":null},"after_unknown":{"arn":true,"create_date":true,"id":true,"inline_policy":true,"managed_policy_arns":true,"tags_all":true,"unique_id":true},"before_sensitive":false,"after_sensitive":{"inline_policy":[],"managed_policy_arns":[],"tags_all":{}}}},{"address":"aws_iam_role_policy.can_dynamo","mode":"managed","type":"aws_iam_role_policy","name":"can_dynamo","provider_name":"registry.terraform.io/hashicorp/aws","change":{"actions":["create"],"before":null,"after":{"name_prefix":null},"after_unknown":{"id":true,"name":true,"policy":true,"role":true},"before_sensitive":false,"after_sensitive":{}}},{"address":"aws_iam_role_policy.can_log","mode":"managed","type":"aws_iam_role_policy","name":"can_log","provider_name":"registry.terraform.io/hashicorp/aws","change":{"actions":["create"],"before":null,"after":{"name_prefix":null},"after_unknown":{"id":true,"name":true,"policy":true,"role":true},"before_sensitive":false,"after_sensitive":{}}},{"address":"aws_lambda_function.lambda","mode":"managed","type":"aws_lambda_function","name":"lambda","provider_name":"registry.terraform.io/hashicorp/aws","change":{"actions":["create"],"before":null,"after":{"code_signing_config_arn":null,"dead_letter_config":[],"description":null,"environment":[{"variables":{"TABLE_NAME":"basic_api_lambda"}}],"file_system_config":[],"filename":"./src.zip","function_name":"basic_api_lambda","handler":"index.handler","image_config":[],"image_uri":null,"kms_key_arn":null,"layers":null,"memory_size":128,"package_type":"Zip","publish":false,"reserved_concurrent_executions":-1,"runtime":"nodejs14.x","s3_bucket":null,"s3_key":null,"s3_object_version":null,"source_code_hash":"F6DIqr3yYPFG0bde4Ay8e2RSup68d5tRa5vAPDuAHr8=","tags":null,"timeout":3,"timeouts":null,"vpc_config":[]},"after_unknown":{"arn":true,"dead_letter_config":[],"environment":[{"variables":{}}],"file_system_config":[],"id":true,"image_config":[],"invoke_arn":true,"last_modified":true,"qualified_arn":true,"role":true,"signing_job_arn":true,"signing_profile_version_arn":true,"source_code_size":true,"tags_all":true,"tracing_config":true,"version":true,"vpc_config":[]},"before_sensitive":false,"after_sensitive":{"dead_letter_config":[],"environment":[{"variables":{}}],"file_system_config":[],"image_config":[],"tags_all":{},"tracing_config":[],"vpc_config":[]}}},{"address":"aws_lambda_permission.apigw_lambda","mode":"managed","type":"aws_lambda_permission","name":"apigw_lambda","provider_name":"registry.terraform.io/hashicorp/aws","change":{"actions":["create"],"before":null,"after":{"action":"lambda:InvokeFunction","event_source_token":null,"function_name":"basic_api_lambda","principal":"apigateway.amazonaws.com","qualifier":null,"source_account":null,"statement_id":"AllowExecutionFromAPIGateway","statement_id_prefix":null},"after_unknown":{"id":true,"source_arn":true},"before_sensitive":false,"after_sensitive":{}}},{"address":"data.aws_iam_policy_document.can_log","mode":"data","type":"aws_iam_policy_document","name":"can_log","provider_name":"registry.terraform.io/hashicorp/aws","change":{"actions":["read"],"before":null,"after":{"override_json":null,"override_policy_documents":null,"policy_id":null,"source_json":null,"source_policy_documents":null,"statement":[{"actions":["logs:CreateLogStream","logs:PutLogEvents"],"condition":[],"effect":null,"not_actions":null,"not_principals":[],"not_resources":null,"principals":[],"resources":[],"sid":"CanLog"}],"version":null},"after_unknown":{"id":true,"json":true,"statement":[{"actions":[false,false],"condition":[],"not_principals":[],"principals":[],"resources":[true,true]}]},"before_sensitive":false,"after_sensitive":{"statement":[{"actions":[false,false],"condition":[],"not_principals":[],"principals":[],"resources":[false,false]}]}}}],"output_changes":{"url":{"actions":["create"],"before":null,"after_unknown":true,"before_sensitive":false,"after_sensitive":false}},"prior_state":{"format_version":"0.1","terraform_version":"1.0.0","values":{"root_module":{"resources":[{"address":"data.archive_file.source","mode":"data","type":"archive_file","name":"source","provider_name":"registry.terraform.io/hashicorp/archive","schema_version":0,"values":{"excludes":null,"id":"eef695768836f4b108dafa42ba21dfd89f922327","output_base64sha256":"F6DIqr3yYPFG0bde4Ay8e2RSup68d5tRa5vAPDuAHr8=","output_file_mode":null,"output_md5":"8663b59ea84093bae947994b21c720c7","output_path":"./src.zip","output_sha":"eef695768836f4b108dafa42ba21dfd89f922327","output_size":615,"source":[],"source_content":null,"source_content_filename":null,"source_dir":null,"source_file":"./index.js","type":"zip"}},{"address":"data.aws_caller_identity.me","mode":"data","type":"aws_caller_identity","name":"me","provider_name":"registry.terraform.io/hashicorp/aws","schema_version":0,"values":{"account_id":"340502884936","arn":"arn:aws:iam::340502884936:user/RootAdmin","id":"340502884936","user_id":"AIDAI4YHJ4A632UVW5FUK"}},{"address":"data.aws_region.here","mode":"data","type":"aws_region","name":"here","provider_name":"registry.terraform.io/hashicorp/aws","schema_version":0,"values":{"description":"Asia Pacific (Sydney)","endpoint":"ec2.ap-southeast-2.amazonaws.com","id":"ap-southeast-2","name":"ap-southeast-2"}}]}}},"configuration":{"provider_config":{"aws":{"name":"aws","expressions":{"region":{"constant_value":"ap-southeast-2"}}}},"root_module":{"outputs":{"url":{"expression":{"references":["aws_api_gateway_stage.stage"]}}},"resources":[{"address":"aws_api_gateway_deployment.deploy","mode":"managed","type":"aws_api_gateway_deployment","name":"deploy","provider_config_key":"aws","expressions":{"rest_api_id":{"references":["aws_api_gateway_rest_api.gateway"]}},"schema_version":0,"depends_on":["aws_api_gateway_method.get_method","aws_api_gateway_integration.get_lambda","aws_api_gateway_resource.hello_world"]},{"address":"aws_api_gateway_integration.get_lambda","mode":"managed","type":"aws_api_gateway_integration","name":"get_lambda","provider_config_key":"aws","expressions":{"http_method":{"references":["aws_api_gateway_method.get_method"]},"integration_http_method":{"constant_value":"POST"},"resource_id":{"references":["aws_api_gateway_resource.hello_world"]},"rest_api_id":{"references":["aws_api_gateway_rest_api.gateway"]},"type":{"constant_value":"AWS_PROXY"},"uri":{"references":["aws_lambda_function.lambda"]}},"schema_version":0},{"address":"aws_api_gateway_method.get_method","mode":"managed","type":"aws_api_gateway_method","name":"get_method","provider_config_key":"aws","expressions":{"authorization":{"constant_value":"NONE"},"http_method":{"constant_value":"GET"},"resource_id":{"references":["aws_api_gateway_resource.hello_world"]},"rest_api_id":{"references":["aws_api_gateway_rest_api.gateway"]}},"schema_version":0},{"address":"aws_api_gateway_resource.hello_world","mode":"managed","type":"aws_api_gateway_resource","name":"hello_world","provider_config_key":"aws","expressions":{"parent_id":{"references":["aws_api_gateway_rest_api.gateway"]},"path_part":{"constant_value":"hello-world"},"rest_api_id":{"references":["aws_api_gateway_rest_api.gateway"]}},"schema_version":0},{"address":"aws_api_gateway_rest_api.gateway","mode":"managed","type":"aws_api_gateway_rest_api","name":"gateway","provider_config_key":"aws","expressions":{"name":{"references":["local.function_name"]}},"schema_version":0},{"address":"aws_api_gateway_stage.stage","mode":"managed","type":"aws_api_gateway_stage","name":"stage","provider_config_key":"aws","expressions":{"deployment_id":{"references":["aws_api_gateway_deployment.deploy"]},"rest_api_id":{"references":["aws_api_gateway_rest_api.gateway"]},"stage_name":{"constant_value":"prod"}},"schema_version":0},{"address":"aws_cloudwatch_log_group.logs","mode":"managed","type":"aws_cloudwatch_log_group","name":"logs","provider_config_key":"aws","expressions":{"name":{"references":["local.function_name"]}},"schema_version":0},{"address":"aws_dynamodb_table.table","mode":"managed","type":"aws_dynamodb_table","name":"table","provider_config_key":"aws","expressions":{"attribute":[{"name":{"constant_value":"HASH"},"type":{"constant_value":"S"}}],"billing_mode":{"constant_value":"PAY_PER_REQUEST"},"hash_key":{"constant_value":"HASH"},"name":{"references":["local.function_name"]}},"schema_version":1},{"address":"aws_iam_role.iam_for_lambda","mode":"managed","type":"aws_iam_role","name":"iam_for_lambda","provider_config_key":"aws","expressions":{"assume_role_policy":{"constant_value":"{\n  \"Version\": \"2012-10-17\",\n  \"Statement\": [\n    {\n      \"Action\": \"sts:AssumeRole\",\n      \"Principal\": {\n        \"Service\": \"lambda.amazonaws.com\"\n      },\n      \"Effect\": \"Allow\",\n      \"Sid\": \"\"\n    }\n  ]\n}\n"},"name":{"references":["local.function_name"]}},"schema_version":0},{"address":"aws_iam_role_policy.can_dynamo","mode":"managed","type":"aws_iam_role_policy","name":"can_dynamo","provider_config_key":"aws","expressions":{"policy":{"references":["aws_dynamodb_table.table","aws_dynamodb_table.table","aws_dynamodb_table.table","aws_dynamodb_table.table","aws_dynamodb_table.table"]},"role":{"references":["aws_iam_role.iam_for_lambda"]}},"schema_version":0},{"address":"aws_iam_role_policy.can_log","mode":"managed","type":"aws_iam_role_policy","name":"can_log","provider_config_key":"aws","expressions":{"policy":{"references":["data.aws_iam_policy_document.can_log"]},"role":{"references":["aws_iam_role.iam_for_lambda"]}},"schema_version":0},{"address":"aws_lambda_function.lambda","mode":"managed","type":"aws_lambda_function","name":"lambda","provider_config_key":"aws","expressions":{"environment":[{"variables":{"references":["aws_dynamodb_table.table"]}}],"filename":{"references":["data.archive_file.source"]},"function_name":{"references":["local.function_name"]},"handler":{"constant_value":"index.handler"},"role":{"references":["aws_iam_role.iam_for_lambda"]},"runtime":{"constant_value":"nodejs14.x"},"source_code_hash":{"references":["data.archive_file.source"]}},"schema_version":0},{"address":"aws_lambda_permission.apigw_lambda","mode":"managed","type":"aws_lambda_permission","name":"apigw_lambda","provider_config_key":"aws","expressions":{"action":{"constant_value":"lambda:InvokeFunction"},"function_name":{"references":["aws_lambda_function.lambda"]},"principal":{"constant_value":"apigateway.amazonaws.com"},"source_arn":{"references":["data.aws_region.here","data.aws_caller_identity.me","aws_api_gateway_rest_api.gateway","aws_api_gateway_method.get_method","aws_api_gateway_resource.hello_world"]},"statement_id":{"constant_value":"AllowExecutionFromAPIGateway"}},"schema_version":0},{"address":"data.archive_file.source","mode":"data","type":"archive_file","name":"source","provider_config_key":"archive","expressions":{"output_path":{"references":["path.module"]},"source_file":{"references":["path.module"]},"type":{"constant_value":"zip"}},"schema_version":0},{"address":"data.aws_caller_identity.me","mode":"data","type":"aws_caller_identity","name":"me","provider_config_key":"aws","schema_version":0},{"address":"data.aws_iam_policy_document.can_log","mode":"data","type":"aws_iam_policy_document","name":"can_log","provider_config_key":"aws","expressions":{"statement":[{"actions":{"constant_value":["logs:CreateLogStream","logs:PutLogEvents"]},"resources":{"references":["aws_cloudwatch_log_group.logs","aws_cloudwatch_log_group.logs"]},"sid":{"constant_value":"CanLog"}}]},"schema_version":0},{"address":"data.aws_region.here","mode":"data","type":"aws_region","name":"here","provider_config_key":"aws","schema_version":0}]}}}
